// !$*UTF8*$!
{
	archiveVersion = 1;
	classes = {
	};
	objectVersion = 46;
	objects = {

/* Begin PBXBuildFile section */
		1B21EC381B8F530D000A0EC2 /* AppDelegate.swift in Sources */ = {isa = PBXBuildFile; fileRef = 1B21EC371B8F530D000A0EC2 /* AppDelegate.swift */; };
		1B21EC3F1B8F530D000A0EC2 /* Main.storyboard in Resources */ = {isa = PBXBuildFile; fileRef = 1B21EC3D1B8F530D000A0EC2 /* Main.storyboard */; };
		1B21EC411B8F530D000A0EC2 /* Assets.xcassets in Resources */ = {isa = PBXBuildFile; fileRef = 1B21EC401B8F530D000A0EC2 /* Assets.xcassets */; };
		1B21EC441B8F530D000A0EC2 /* LaunchScreen.storyboard in Resources */ = {isa = PBXBuildFile; fileRef = 1B21EC421B8F530D000A0EC2 /* LaunchScreen.storyboard */; };
		1B21EC4F1B8F530D000A0EC2 /* KEngineTests.swift in Sources */ = {isa = PBXBuildFile; fileRef = 1B21EC4E1B8F530D000A0EC2 /* KEngineTests.swift */; };
		1B21EC5A1B8F530D000A0EC2 /* KEngineUITests.swift in Sources */ = {isa = PBXBuildFile; fileRef = 1B21EC591B8F530D000A0EC2 /* KEngineUITests.swift */; };
		1B21EC691B8F53F4000A0EC2 /* GameScene.swift in Sources */ = {isa = PBXBuildFile; fileRef = 1B21EC681B8F53F4000A0EC2 /* GameScene.swift */; };
		1B21EC6E1B8F5809000A0EC2 /* Descriptor.swift in Sources */ = {isa = PBXBuildFile; fileRef = 1B21EC6D1B8F5809000A0EC2 /* Descriptor.swift */; };
		1B21EC701B8F5CE3000A0EC2 /* GameActor.swift in Sources */ = {isa = PBXBuildFile; fileRef = 1B21EC6F1B8F5CE3000A0EC2 /* GameActor.swift */; };
		1B21EC731B8F5E71000A0EC2 /* Math.swift in Sources */ = {isa = PBXBuildFile; fileRef = 1B21EC721B8F5E71000A0EC2 /* Math.swift */; };
		1B21EC751B8F7356000A0EC2 /* sephere.swift in Sources */ = {isa = PBXBuildFile; fileRef = 1B21EC741B8F7356000A0EC2 /* sephere.swift */; };
		1B21EC771B8F7493000A0EC2 /* GameActorAsset.swift in Sources */ = {isa = PBXBuildFile; fileRef = 1B21EC761B8F7493000A0EC2 /* GameActorAsset.swift */; };
		1B21EC7E1B91CAF6000A0EC2 /* RenderToScreenShader.metal in Sources */ = {isa = PBXBuildFile; fileRef = 1B21EC7D1B91CAF6000A0EC2 /* RenderToScreenShader.metal */; };
		1B21EC801B91D686000A0EC2 /* GameCamera.swift in Sources */ = {isa = PBXBuildFile; fileRef = 1B21EC7F1B91D686000A0EC2 /* GameCamera.swift */; };
		1B21EC831B92D4C7000A0EC2 /* GameUniformBuffer.swift in Sources */ = {isa = PBXBuildFile; fileRef = 1B21EC821B92D4C7000A0EC2 /* GameUniformBuffer.swift */; };
		1B21ECA91B9837B2000A0EC2 /* GameDefferedRender.swift in Sources */ = {isa = PBXBuildFile; fileRef = 1B21ECA81B9837B2000A0EC2 /* GameDefferedRender.swift */; };
		1B21ECAD1B99ADFD000A0EC2 /* RenderToGbuffer.metal in Sources */ = {isa = PBXBuildFile; fileRef = 1B21ECAC1B99ADFD000A0EC2 /* RenderToGbuffer.metal */; };
		1B81C1B21BB1003D00CE6ADD /* GameFilter.swift in Sources */ = {isa = PBXBuildFile; fileRef = 1B81C1B11BB1003D00CE6ADD /* GameFilter.swift */; settings = {ASSET_TAGS = (); }; };
		1B81C1B41BB1060000CE6ADD /* GaussianBlur.metal in Sources */ = {isa = PBXBuildFile; fileRef = 1B81C1B31BB1060000CE6ADD /* GaussianBlur.metal */; settings = {ASSET_TAGS = (); }; };
		1B81C1B81BB19FA200CE6ADD /* GameGaussianFilter.swift in Sources */ = {isa = PBXBuildFile; fileRef = 1B81C1B71BB19FA200CE6ADD /* GameGaussianFilter.swift */; settings = {ASSET_TAGS = (); }; };
		1B81C1BA1BB2703700CE6ADD /* GameTerrainActor.swift in Sources */ = {isa = PBXBuildFile; fileRef = 1B81C1B91BB2703700CE6ADD /* GameTerrainActor.swift */; settings = {ASSET_TAGS = (); }; };
		1B81C1BC1BB2751300CE6ADD /* GameGrid.swift in Sources */ = {isa = PBXBuildFile; fileRef = 1B81C1BB1BB2751300CE6ADD /* GameGrid.swift */; settings = {ASSET_TAGS = (); }; };
		1B81C1BF1BB39FB400CE6ADD /* Light.metal in Sources */ = {isa = PBXBuildFile; fileRef = 1B81C1BE1BB39FB400CE6ADD /* Light.metal */; settings = {ASSET_TAGS = (); }; };
		1B81C1C11BB3A46200CE6ADD /* GameAreaLight.swift in Sources */ = {isa = PBXBuildFile; fileRef = 1B81C1C01BB3A46200CE6ADD /* GameAreaLight.swift */; settings = {ASSET_TAGS = (); }; };
		1B81C1C31BB65B7900CE6ADD /* heightmap.png in Resources */ = {isa = PBXBuildFile; fileRef = 1B81C1C21BB65B7800CE6ADD /* heightmap.png */; settings = {ASSET_TAGS = (); }; };
		1B81C1C61BB65EB700CE6ADD /* RenderToGBufferTerrain.metal in Sources */ = {isa = PBXBuildFile; fileRef = 1B81C1C51BB65EB700CE6ADD /* RenderToGBufferTerrain.metal */; settings = {ASSET_TAGS = (); }; };
		1B81C1C81BB667C800CE6ADD /* GameTextureArray.swift in Sources */ = {isa = PBXBuildFile; fileRef = 1B81C1C71BB667C800CE6ADD /* GameTextureArray.swift */; settings = {ASSET_TAGS = (); }; };
		1B81C1CA1BB6687100CE6ADD /* grass.png in Resources */ = {isa = PBXBuildFile; fileRef = 1B81C1C91BB6687100CE6ADD /* grass.png */; settings = {ASSET_TAGS = (); }; };
		1B81C1CC1BB6688000CE6ADD /* ground.png in Resources */ = {isa = PBXBuildFile; fileRef = 1B81C1CB1BB6688000CE6ADD /* ground.png */; settings = {ASSET_TAGS = (); }; };
		1B81C1D01BB671AC00CE6ADD /* weight.png in Resources */ = {isa = PBXBuildFile; fileRef = 1B81C1CF1BB671AC00CE6ADD /* weight.png */; settings = {ASSET_TAGS = (); }; };
		1BB002F11B9AB9B40047BE50 /* DefferredShadingComposition.metal in Sources */ = {isa = PBXBuildFile; fileRef = 1BB002F01B9AB9B40047BE50 /* DefferredShadingComposition.metal */; };
		1BB4DFF31BA5398D00617A22 /* RenderShadowMap.metal in Sources */ = {isa = PBXBuildFile; fileRef = 1BB4DFF21BA5398D00617A22 /* RenderShadowMap.metal */; };
		1BC4521D1B9EC82A000538EF /* GameUtility.swift in Sources */ = {isa = PBXBuildFile; fileRef = 1BC4521C1B9EC82A000538EF /* GameUtility.swift */; };
		1BF9D6571B9D8B2F0096A2E5 /* GameLightArray.swift in Sources */ = {isa = PBXBuildFile; fileRef = 1BF9D6561B9D8B2F0096A2E5 /* GameLightArray.swift */; };
		1BFD7AB91B9D718800759DF6 /* GameLight.swift in Sources */ = {isa = PBXBuildFile; fileRef = 1BFD7AB81B9D718800759DF6 /* GameLight.swift */; };
/* End PBXBuildFile section */

/* Begin PBXContainerItemProxy section */
		1B21EC4B1B8F530D000A0EC2 /* PBXContainerItemProxy */ = {
			isa = PBXContainerItemProxy;
			containerPortal = 1B21EC2C1B8F530D000A0EC2 /* Project object */;
			proxyType = 1;
			remoteGlobalIDString = 1B21EC331B8F530D000A0EC2;
			remoteInfo = KEngine;
		};
		1B21EC561B8F530D000A0EC2 /* PBXContainerItemProxy */ = {
			isa = PBXContainerItemProxy;
			containerPortal = 1B21EC2C1B8F530D000A0EC2 /* Project object */;
			proxyType = 1;
			remoteGlobalIDString = 1B21EC331B8F530D000A0EC2;
			remoteInfo = KEngine;
		};
/* End PBXContainerItemProxy section */

/* Begin PBXFileReference section */
		1B21EC341B8F530D000A0EC2 /* KEngine.app */ = {isa = PBXFileReference; explicitFileType = wrapper.application; includeInIndex = 0; path = KEngine.app; sourceTree = BUILT_PRODUCTS_DIR; };
		1B21EC371B8F530D000A0EC2 /* AppDelegate.swift */ = {isa = PBXFileReference; lastKnownFileType = sourcecode.swift; path = AppDelegate.swift; sourceTree = "<group>"; };
		1B21EC3E1B8F530D000A0EC2 /* Base */ = {isa = PBXFileReference; lastKnownFileType = file.storyboard; name = Base; path = Base.lproj/Main.storyboard; sourceTree = "<group>"; };
		1B21EC401B8F530D000A0EC2 /* Assets.xcassets */ = {isa = PBXFileReference; lastKnownFileType = folder.assetcatalog; path = Assets.xcassets; sourceTree = "<group>"; };
		1B21EC431B8F530D000A0EC2 /* Base */ = {isa = PBXFileReference; lastKnownFileType = file.storyboard; name = Base; path = Base.lproj/LaunchScreen.storyboard; sourceTree = "<group>"; };
		1B21EC451B8F530D000A0EC2 /* Info.plist */ = {isa = PBXFileReference; lastKnownFileType = text.plist.xml; path = Info.plist; sourceTree = "<group>"; };
		1B21EC4A1B8F530D000A0EC2 /* KEngineTests.xctest */ = {isa = PBXFileReference; explicitFileType = wrapper.cfbundle; includeInIndex = 0; path = KEngineTests.xctest; sourceTree = BUILT_PRODUCTS_DIR; };
		1B21EC4E1B8F530D000A0EC2 /* KEngineTests.swift */ = {isa = PBXFileReference; lastKnownFileType = sourcecode.swift; path = KEngineTests.swift; sourceTree = "<group>"; };
		1B21EC501B8F530D000A0EC2 /* Info.plist */ = {isa = PBXFileReference; lastKnownFileType = text.plist.xml; path = Info.plist; sourceTree = "<group>"; };
		1B21EC551B8F530D000A0EC2 /* KEngineUITests.xctest */ = {isa = PBXFileReference; explicitFileType = wrapper.cfbundle; includeInIndex = 0; path = KEngineUITests.xctest; sourceTree = BUILT_PRODUCTS_DIR; };
		1B21EC591B8F530D000A0EC2 /* KEngineUITests.swift */ = {isa = PBXFileReference; lastKnownFileType = sourcecode.swift; path = KEngineUITests.swift; sourceTree = "<group>"; };
		1B21EC5B1B8F530D000A0EC2 /* Info.plist */ = {isa = PBXFileReference; lastKnownFileType = text.plist.xml; path = Info.plist; sourceTree = "<group>"; };
		1B21EC681B8F53F4000A0EC2 /* GameScene.swift */ = {isa = PBXFileReference; fileEncoding = 4; lastKnownFileType = sourcecode.swift; path = GameScene.swift; sourceTree = "<group>"; };
		1B21EC6D1B8F5809000A0EC2 /* Descriptor.swift */ = {isa = PBXFileReference; fileEncoding = 4; lastKnownFileType = sourcecode.swift; path = Descriptor.swift; sourceTree = "<group>"; };
		1B21EC6F1B8F5CE3000A0EC2 /* GameActor.swift */ = {isa = PBXFileReference; fileEncoding = 4; lastKnownFileType = sourcecode.swift; path = GameActor.swift; sourceTree = "<group>"; };
		1B21EC721B8F5E71000A0EC2 /* Math.swift */ = {isa = PBXFileReference; fileEncoding = 4; lastKnownFileType = sourcecode.swift; path = Math.swift; sourceTree = "<group>"; };
		1B21EC741B8F7356000A0EC2 /* sephere.swift */ = {isa = PBXFileReference; fileEncoding = 4; lastKnownFileType = sourcecode.swift; path = sephere.swift; sourceTree = "<group>"; };
		1B21EC761B8F7493000A0EC2 /* GameActorAsset.swift */ = {isa = PBXFileReference; fileEncoding = 4; lastKnownFileType = sourcecode.swift; path = GameActorAsset.swift; sourceTree = "<group>"; };
		1B21EC7D1B91CAF6000A0EC2 /* RenderToScreenShader.metal */ = {isa = PBXFileReference; fileEncoding = 4; lastKnownFileType = sourcecode.metal; path = RenderToScreenShader.metal; sourceTree = "<group>"; };
		1B21EC7F1B91D686000A0EC2 /* GameCamera.swift */ = {isa = PBXFileReference; fileEncoding = 4; lastKnownFileType = sourcecode.swift; path = GameCamera.swift; sourceTree = "<group>"; };
		1B21EC821B92D4C7000A0EC2 /* GameUniformBuffer.swift */ = {isa = PBXFileReference; fileEncoding = 4; lastKnownFileType = sourcecode.swift; path = GameUniformBuffer.swift; sourceTree = "<group>"; };
		1B21ECA81B9837B2000A0EC2 /* GameDefferedRender.swift */ = {isa = PBXFileReference; fileEncoding = 4; lastKnownFileType = sourcecode.swift; path = GameDefferedRender.swift; sourceTree = "<group>"; };
		1B21ECAC1B99ADFD000A0EC2 /* RenderToGbuffer.metal */ = {isa = PBXFileReference; fileEncoding = 4; lastKnownFileType = sourcecode.metal; path = RenderToGbuffer.metal; sourceTree = "<group>"; };
		1B21ECAF1B99AE50000A0EC2 /* shaderTypes.h */ = {isa = PBXFileReference; fileEncoding = 4; lastKnownFileType = sourcecode.c.h; path = shaderTypes.h; sourceTree = "<group>"; };
		1B81C1B11BB1003D00CE6ADD /* GameFilter.swift */ = {isa = PBXFileReference; fileEncoding = 4; lastKnownFileType = sourcecode.swift; path = GameFilter.swift; sourceTree = "<group>"; };
		1B81C1B31BB1060000CE6ADD /* GaussianBlur.metal */ = {isa = PBXFileReference; fileEncoding = 4; lastKnownFileType = sourcecode.metal; path = GaussianBlur.metal; sourceTree = "<group>"; };
		1B81C1B71BB19FA200CE6ADD /* GameGaussianFilter.swift */ = {isa = PBXFileReference; fileEncoding = 4; lastKnownFileType = sourcecode.swift; path = GameGaussianFilter.swift; sourceTree = "<group>"; };
		1B81C1B91BB2703700CE6ADD /* GameTerrainActor.swift */ = {isa = PBXFileReference; fileEncoding = 4; lastKnownFileType = sourcecode.swift; path = GameTerrainActor.swift; sourceTree = "<group>"; };
		1B81C1BB1BB2751300CE6ADD /* GameGrid.swift */ = {isa = PBXFileReference; fileEncoding = 4; lastKnownFileType = sourcecode.swift; path = GameGrid.swift; sourceTree = "<group>"; };
		1B81C1BE1BB39FB400CE6ADD /* Light.metal */ = {isa = PBXFileReference; fileEncoding = 4; lastKnownFileType = sourcecode.metal; path = Light.metal; sourceTree = "<group>"; };
		1B81C1C01BB3A46200CE6ADD /* GameAreaLight.swift */ = {isa = PBXFileReference; fileEncoding = 4; lastKnownFileType = sourcecode.swift; path = GameAreaLight.swift; sourceTree = "<group>"; };
		1B81C1C21BB65B7800CE6ADD /* heightmap.png */ = {isa = PBXFileReference; lastKnownFileType = image.png; name = heightmap.png; path = ../../KKHGame/KKHGame/heightmap.png; sourceTree = "<group>"; };
		1B81C1C51BB65EB700CE6ADD /* RenderToGBufferTerrain.metal */ = {isa = PBXFileReference; fileEncoding = 4; lastKnownFileType = sourcecode.metal; path = RenderToGBufferTerrain.metal; sourceTree = "<group>"; };
		1B81C1C71BB667C800CE6ADD /* GameTextureArray.swift */ = {isa = PBXFileReference; fileEncoding = 4; lastKnownFileType = sourcecode.swift; path = GameTextureArray.swift; sourceTree = "<group>"; };
		1B81C1C91BB6687100CE6ADD /* grass.png */ = {isa = PBXFileReference; lastKnownFileType = image.png; name = grass.png; path = ../../KKHGame/KKHGame/grass.png; sourceTree = "<group>"; };
		1B81C1CB1BB6688000CE6ADD /* ground.png */ = {isa = PBXFileReference; lastKnownFileType = image.png; name = ground.png; path = ../../KKHGame/KKHGame/ground.png; sourceTree = "<group>"; };
		1B81C1CF1BB671AC00CE6ADD /* weight.png */ = {isa = PBXFileReference; lastKnownFileType = image.png; path = weight.png; sourceTree = "<group>"; };
		1BB002F01B9AB9B40047BE50 /* DefferredShadingComposition.metal */ = {isa = PBXFileReference; fileEncoding = 4; lastKnownFileType = sourcecode.metal; path = DefferredShadingComposition.metal; sourceTree = "<group>"; };
		1BB4DFF21BA5398D00617A22 /* RenderShadowMap.metal */ = {isa = PBXFileReference; fileEncoding = 4; lastKnownFileType = sourcecode.metal; path = RenderShadowMap.metal; sourceTree = "<group>"; };
		1BC4521C1B9EC82A000538EF /* GameUtility.swift */ = {isa = PBXFileReference; fileEncoding = 4; lastKnownFileType = sourcecode.swift; path = GameUtility.swift; sourceTree = "<group>"; };
		1BF9D6561B9D8B2F0096A2E5 /* GameLightArray.swift */ = {isa = PBXFileReference; fileEncoding = 4; lastKnownFileType = sourcecode.swift; path = GameLightArray.swift; sourceTree = "<group>"; };
		1BFD7AB81B9D718800759DF6 /* GameLight.swift */ = {isa = PBXFileReference; fileEncoding = 4; lastKnownFileType = sourcecode.swift; path = GameLight.swift; sourceTree = "<group>"; };
/* End PBXFileReference section */

/* Begin PBXFrameworksBuildPhase section */
		1B21EC311B8F530D000A0EC2 /* Frameworks */ = {
			isa = PBXFrameworksBuildPhase;
			buildActionMask = 2147483647;
			files = (
			);
			runOnlyForDeploymentPostprocessing = 0;
		};
		1B21EC471B8F530D000A0EC2 /* Frameworks */ = {
			isa = PBXFrameworksBuildPhase;
			buildActionMask = 2147483647;
			files = (
			);
			runOnlyForDeploymentPostprocessing = 0;
		};
		1B21EC521B8F530D000A0EC2 /* Frameworks */ = {
			isa = PBXFrameworksBuildPhase;
			buildActionMask = 2147483647;
			files = (
			);
			runOnlyForDeploymentPostprocessing = 0;
		};
/* End PBXFrameworksBuildPhase section */

/* Begin PBXGroup section */
		1B21EC2B1B8F530D000A0EC2 = {
			isa = PBXGroup;
			children = (
				1B21EC361B8F530D000A0EC2 /* KEngine */,
				1B21EC4D1B8F530D000A0EC2 /* KEngineTests */,
				1B21EC581B8F530D000A0EC2 /* KEngineUITests */,
				1B21EC351B8F530D000A0EC2 /* Products */,
			);
			sourceTree = "<group>";
		};
		1B21EC351B8F530D000A0EC2 /* Products */ = {
			isa = PBXGroup;
			children = (
				1B21EC341B8F530D000A0EC2 /* KEngine.app */,
				1B21EC4A1B8F530D000A0EC2 /* KEngineTests.xctest */,
				1B21EC551B8F530D000A0EC2 /* KEngineUITests.xctest */,
			);
			name = Products;
			sourceTree = "<group>";
		};
		1B21EC361B8F530D000A0EC2 /* KEngine */ = {
			isa = PBXGroup;
			children = (
				1B21EC371B8F530D000A0EC2 /* AppDelegate.swift */,
				1B21EC7C1B903464000A0EC2 /* GameRender */,
				1B21EC711B8F5CE7000A0EC2 /* GameActor */,
				1B21EC671B8F53DC000A0EC2 /* GameScene */,
				1B21EC721B8F5E71000A0EC2 /* Math.swift */,
				1B81C1C41BB65B7F00CE6ADD /* Textures */,
				1B21EC3D1B8F530D000A0EC2 /* Main.storyboard */,
				1B21EC401B8F530D000A0EC2 /* Assets.xcassets */,
				1B21EC421B8F530D000A0EC2 /* LaunchScreen.storyboard */,
				1B21EC451B8F530D000A0EC2 /* Info.plist */,
			);
			path = KEngine;
			sourceTree = "<group>";
		};
		1B21EC4D1B8F530D000A0EC2 /* KEngineTests */ = {
			isa = PBXGroup;
			children = (
				1B21EC4E1B8F530D000A0EC2 /* KEngineTests.swift */,
				1B21EC501B8F530D000A0EC2 /* Info.plist */,
			);
			path = KEngineTests;
			sourceTree = "<group>";
		};
		1B21EC581B8F530D000A0EC2 /* KEngineUITests */ = {
			isa = PBXGroup;
			children = (
				1B21EC591B8F530D000A0EC2 /* KEngineUITests.swift */,
				1B21EC5B1B8F530D000A0EC2 /* Info.plist */,
			);
			path = KEngineUITests;
			sourceTree = "<group>";
		};
		1B21EC671B8F53DC000A0EC2 /* GameScene */ = {
			isa = PBXGroup;
			children = (
				1B21EC681B8F53F4000A0EC2 /* GameScene.swift */,
				1B21EC6C1B8F57DE000A0EC2 /* Utility */,
			);
			name = GameScene;
			sourceTree = "<group>";
		};
		1B21EC6C1B8F57DE000A0EC2 /* Utility */ = {
			isa = PBXGroup;
			children = (
				1B21EC821B92D4C7000A0EC2 /* GameUniformBuffer.swift */,
				1B81C1C71BB667C800CE6ADD /* GameTextureArray.swift */,
				1BF9D6551B9D8B030096A2E5 /* GameLight */,
				1B21EC811B91D68A000A0EC2 /* GameCamera */,
				1B21EC6D1B8F5809000A0EC2 /* Descriptor.swift */,
			);
			name = Utility;
			sourceTree = "<group>";
		};
		1B21EC711B8F5CE7000A0EC2 /* GameActor */ = {
			isa = PBXGroup;
			children = (
				1B21EC6F1B8F5CE3000A0EC2 /* GameActor.swift */,
				1B81C1BD1BB2752100CE6ADD /* GameTerrain */,
				1B21EC761B8F7493000A0EC2 /* GameActorAsset.swift */,
				1B21EC741B8F7356000A0EC2 /* sephere.swift */,
			);
			name = GameActor;
			sourceTree = "<group>";
		};
		1B21EC7C1B903464000A0EC2 /* GameRender */ = {
			isa = PBXGroup;
			children = (
				1B21ECAE1B99AE1D000A0EC2 /* Shader */,
				1B21ECA81B9837B2000A0EC2 /* GameDefferedRender.swift */,
				1B81C1B11BB1003D00CE6ADD /* GameFilter.swift */,
				1B81C1B71BB19FA200CE6ADD /* GameGaussianFilter.swift */,
			);
			name = GameRender;
			sourceTree = "<group>";
		};
		1B21EC811B91D68A000A0EC2 /* GameCamera */ = {
			isa = PBXGroup;
			children = (
				1B21EC7F1B91D686000A0EC2 /* GameCamera.swift */,
			);
			name = GameCamera;
			sourceTree = "<group>";
		};
		1B21ECAE1B99AE1D000A0EC2 /* Shader */ = {
			isa = PBXGroup;
			children = (
				1B21EC7D1B91CAF6000A0EC2 /* RenderToScreenShader.metal */,
				1B21ECAF1B99AE50000A0EC2 /* shaderTypes.h */,
				1B21ECAC1B99ADFD000A0EC2 /* RenderToGbuffer.metal */,
				1B81C1C51BB65EB700CE6ADD /* RenderToGBufferTerrain.metal */,
				1BB4DFF21BA5398D00617A22 /* RenderShadowMap.metal */,
				1B81C1BE1BB39FB400CE6ADD /* Light.metal */,
				1BB002F01B9AB9B40047BE50 /* DefferredShadingComposition.metal */,
				1B81C1B31BB1060000CE6ADD /* GaussianBlur.metal */,
			);
			name = Shader;
			sourceTree = "<group>";
		};
		1B81C1BD1BB2752100CE6ADD /* GameTerrain */ = {
			isa = PBXGroup;
			children = (
				1B81C1B91BB2703700CE6ADD /* GameTerrainActor.swift */,
				1B81C1BB1BB2751300CE6ADD /* GameGrid.swift */,
			);
			name = GameTerrain;
			sourceTree = "<group>";
		};
		1B81C1C41BB65B7F00CE6ADD /* Textures */ = {
			isa = PBXGroup;
			children = (
				1B81C1C21BB65B7800CE6ADD /* heightmap.png */,
				1B81C1CF1BB671AC00CE6ADD /* weight.png */,
				1B81C1C91BB6687100CE6ADD /* grass.png */,
				1B81C1CB1BB6688000CE6ADD /* ground.png */,
			);
			name = Textures;
			sourceTree = "<group>";
		};
		1BF9D6551B9D8B030096A2E5 /* GameLight */ = {
			isa = PBXGroup;
			children = (
				1BFD7AB81B9D718800759DF6 /* GameLight.swift */,
				1B81C1C01BB3A46200CE6ADD /* GameAreaLight.swift */,
				1BC4521C1B9EC82A000538EF /* GameUtility.swift */,
				1BF9D6561B9D8B2F0096A2E5 /* GameLightArray.swift */,
			);
			name = GameLight;
			sourceTree = "<group>";
		};
/* End PBXGroup section */

/* Begin PBXNativeTarget section */
		1B21EC331B8F530D000A0EC2 /* KEngine */ = {
			isa = PBXNativeTarget;
			buildConfigurationList = 1B21EC5E1B8F530D000A0EC2 /* Build configuration list for PBXNativeTarget "KEngine" */;
			buildPhases = (
				1B21EC301B8F530D000A0EC2 /* Sources */,
				1B21EC311B8F530D000A0EC2 /* Frameworks */,
				1B21EC321B8F530D000A0EC2 /* Resources */,
			);
			buildRules = (
			);
			dependencies = (
			);
			name = KEngine;
			productName = KEngine;
			productReference = 1B21EC341B8F530D000A0EC2 /* KEngine.app */;
			productType = "com.apple.product-type.application";
		};
		1B21EC491B8F530D000A0EC2 /* KEngineTests */ = {
			isa = PBXNativeTarget;
			buildConfigurationList = 1B21EC611B8F530D000A0EC2 /* Build configuration list for PBXNativeTarget "KEngineTests" */;
			buildPhases = (
				1B21EC461B8F530D000A0EC2 /* Sources */,
				1B21EC471B8F530D000A0EC2 /* Frameworks */,
				1B21EC481B8F530D000A0EC2 /* Resources */,
			);
			buildRules = (
			);
			dependencies = (
				1B21EC4C1B8F530D000A0EC2 /* PBXTargetDependency */,
			);
			name = KEngineTests;
			productName = KEngineTests;
			productReference = 1B21EC4A1B8F530D000A0EC2 /* KEngineTests.xctest */;
			productType = "com.apple.product-type.bundle.unit-test";
		};
		1B21EC541B8F530D000A0EC2 /* KEngineUITests */ = {
			isa = PBXNativeTarget;
			buildConfigurationList = 1B21EC641B8F530D000A0EC2 /* Build configuration list for PBXNativeTarget "KEngineUITests" */;
			buildPhases = (
				1B21EC511B8F530D000A0EC2 /* Sources */,
				1B21EC521B8F530D000A0EC2 /* Frameworks */,
				1B21EC531B8F530D000A0EC2 /* Resources */,
			);
			buildRules = (
			);
			dependencies = (
				1B21EC571B8F530D000A0EC2 /* PBXTargetDependency */,
			);
			name = KEngineUITests;
			productName = KEngineUITests;
			productReference = 1B21EC551B8F530D000A0EC2 /* KEngineUITests.xctest */;
			productType = "com.apple.product-type.bundle.ui-testing";
		};
/* End PBXNativeTarget section */

/* Begin PBXProject section */
		1B21EC2C1B8F530D000A0EC2 /* Project object */ = {
			isa = PBXProject;
			attributes = {
				LastSwiftUpdateCheck = 0710;
				LastUpgradeCheck = 0700;
				ORGANIZATIONNAME = "哈哈";
				TargetAttributes = {
					1B21EC331B8F530D000A0EC2 = {
						CreatedOnToolsVersion = 7.0;
						DevelopmentTeam = 83EVZ4D33U;
					};
					1B21EC491B8F530D000A0EC2 = {
						CreatedOnToolsVersion = 7.0;
						TestTargetID = 1B21EC331B8F530D000A0EC2;
					};
					1B21EC541B8F530D000A0EC2 = {
						CreatedOnToolsVersion = 7.0;
						TestTargetID = 1B21EC331B8F530D000A0EC2;
					};
				};
			};
			buildConfigurationList = 1B21EC2F1B8F530D000A0EC2 /* Build configuration list for PBXProject "KEngine" */;
			compatibilityVersion = "Xcode 3.2";
			developmentRegion = English;
			hasScannedForEncodings = 0;
			knownRegions = (
				en,
				Base,
			);
			mainGroup = 1B21EC2B1B8F530D000A0EC2;
			productRefGroup = 1B21EC351B8F530D000A0EC2 /* Products */;
			projectDirPath = "";
			projectRoot = "";
			targets = (
				1B21EC331B8F530D000A0EC2 /* KEngine */,
				1B21EC491B8F530D000A0EC2 /* KEngineTests */,
				1B21EC541B8F530D000A0EC2 /* KEngineUITests */,
			);
		};
/* End PBXProject section */

/* Begin PBXResourcesBuildPhase section */
		1B21EC321B8F530D000A0EC2 /* Resources */ = {
			isa = PBXResourcesBuildPhase;
			buildActionMask = 2147483647;
			files = (
				1B81C1CC1BB6688000CE6ADD /* ground.png in Resources */,
				1B81C1D01BB671AC00CE6ADD /* weight.png in Resources */,
				1B21EC441B8F530D000A0EC2 /* LaunchScreen.storyboard in Resources */,
				1B21EC411B8F530D000A0EC2 /* Assets.xcassets in Resources */,
				1B81C1CA1BB6687100CE6ADD /* grass.png in Resources */,
				1B21EC3F1B8F530D000A0EC2 /* Main.storyboard in Resources */,
				1B81C1C31BB65B7900CE6ADD /* heightmap.png in Resources */,
			);
			runOnlyForDeploymentPostprocessing = 0;
		};
		1B21EC481B8F530D000A0EC2 /* Resources */ = {
			isa = PBXResourcesBuildPhase;
			buildActionMask = 2147483647;
			files = (
			);
			runOnlyForDeploymentPostprocessing = 0;
		};
		1B21EC531B8F530D000A0EC2 /* Resources */ = {
			isa = PBXResourcesBuildPhase;
			buildActionMask = 2147483647;
			files = (
			);
			runOnlyForDeploymentPostprocessing = 0;
		};
/* End PBXResourcesBuildPhase section */

/* Begin PBXSourcesBuildPhase section */
		1B21EC301B8F530D000A0EC2 /* Sources */ = {
			isa = PBXSourcesBuildPhase;
			buildActionMask = 2147483647;
			files = (
				1BF9D6571B9D8B2F0096A2E5 /* GameLightArray.swift in Sources */,
				1B81C1BC1BB2751300CE6ADD /* GameGrid.swift in Sources */,
				1BB002F11B9AB9B40047BE50 /* DefferredShadingComposition.metal in Sources */,
				1BFD7AB91B9D718800759DF6 /* GameLight.swift in Sources */,
				1B21EC7E1B91CAF6000A0EC2 /* RenderToScreenShader.metal in Sources */,
				1B21EC801B91D686000A0EC2 /* GameCamera.swift in Sources */,
				1B81C1B41BB1060000CE6ADD /* GaussianBlur.metal in Sources */,
				1B21EC691B8F53F4000A0EC2 /* GameScene.swift in Sources */,
				1B81C1BF1BB39FB400CE6ADD /* Light.metal in Sources */,
				1B81C1BA1BB2703700CE6ADD /* GameTerrainActor.swift in Sources */,
				1B21EC6E1B8F5809000A0EC2 /* Descriptor.swift in Sources */,
				1B21EC731B8F5E71000A0EC2 /* Math.swift in Sources */,
				1B21ECAD1B99ADFD000A0EC2 /* RenderToGbuffer.metal in Sources */,
				1B21EC771B8F7493000A0EC2 /* GameActorAsset.swift in Sources */,
				1BC4521D1B9EC82A000538EF /* GameUtility.swift in Sources */,
				1B21EC831B92D4C7000A0EC2 /* GameUniformBuffer.swift in Sources */,
				1B21EC751B8F7356000A0EC2 /* sephere.swift in Sources */,
				1B81C1C81BB667C800CE6ADD /* GameTextureArray.swift in Sources */,
				1B81C1C11BB3A46200CE6ADD /* GameAreaLight.swift in Sources */,
				1B81C1B21BB1003D00CE6ADD /* GameFilter.swift in Sources */,
				1BB4DFF31BA5398D00617A22 /* RenderShadowMap.metal in Sources */,
				1B21EC381B8F530D000A0EC2 /* AppDelegate.swift in Sources */,
				1B81C1C61BB65EB700CE6ADD /* RenderToGBufferTerrain.metal in Sources */,
				1B21ECA91B9837B2000A0EC2 /* GameDefferedRender.swift in Sources */,
				1B81C1B81BB19FA200CE6ADD /* GameGaussianFilter.swift in Sources */,
				1B21EC701B8F5CE3000A0EC2 /* GameActor.swift in Sources */,
			);
			runOnlyForDeploymentPostprocessing = 0;
		};
		1B21EC461B8F530D000A0EC2 /* Sources */ = {
			isa = PBXSourcesBuildPhase;
			buildActionMask = 2147483647;
			files = (
				1B21EC4F1B8F530D000A0EC2 /* KEngineTests.swift in Sources */,
			);
			runOnlyForDeploymentPostprocessing = 0;
		};
		1B21EC511B8F530D000A0EC2 /* Sources */ = {
			isa = PBXSourcesBuildPhase;
			buildActionMask = 2147483647;
			files = (
				1B21EC5A1B8F530D000A0EC2 /* KEngineUITests.swift in Sources */,
			);
			runOnlyForDeploymentPostprocessing = 0;
		};
/* End PBXSourcesBuildPhase section */

/* Begin PBXTargetDependency section */
		1B21EC4C1B8F530D000A0EC2 /* PBXTargetDependency */ = {
			isa = PBXTargetDependency;
			target = 1B21EC331B8F530D000A0EC2 /* KEngine */;
			targetProxy = 1B21EC4B1B8F530D000A0EC2 /* PBXContainerItemProxy */;
		};
		1B21EC571B8F530D000A0EC2 /* PBXTargetDependency */ = {
			isa = PBXTargetDependency;
			target = 1B21EC331B8F530D000A0EC2 /* KEngine */;
			targetProxy = 1B21EC561B8F530D000A0EC2 /* PBXContainerItemProxy */;
		};
/* End PBXTargetDependency section */

/* Begin PBXVariantGroup section */
		1B21EC3D1B8F530D000A0EC2 /* Main.storyboard */ = {
			isa = PBXVariantGroup;
			children = (
				1B21EC3E1B8F530D000A0EC2 /* Base */,
			);
			name = Main.storyboard;
			sourceTree = "<group>";
		};
		1B21EC421B8F530D000A0EC2 /* LaunchScreen.storyboard */ = {
			isa = PBXVariantGroup;
			children = (
				1B21EC431B8F530D000A0EC2 /* Base */,
			);
			name = LaunchScreen.storyboard;
			sourceTree = "<group>";
		};
/* End PBXVariantGroup section */

/* Begin XCBuildConfiguration section */
		1B21EC5C1B8F530D000A0EC2 /* Debug */ = {
			isa = XCBuildConfiguration;
			buildSettings = {
				ALWAYS_SEARCH_USER_PATHS = NO;
				CLANG_CXX_LANGUAGE_STANDARD = "gnu++0x";
				CLANG_CXX_LIBRARY = "libc++";
				CLANG_ENABLE_MODULES = YES;
				CLANG_ENABLE_OBJC_ARC = YES;
				CLANG_WARN_BOOL_CONVERSION = YES;
				CLANG_WARN_CONSTANT_CONVERSION = YES;
				CLANG_WARN_DIRECT_OBJC_ISA_USAGE = YES_ERROR;
				CLANG_WARN_EMPTY_BODY = YES;
				CLANG_WARN_ENUM_CONVERSION = YES;
				CLANG_WARN_INT_CONVERSION = YES;
				CLANG_WARN_OBJC_ROOT_CLASS = YES_ERROR;
				CLANG_WARN_UNREACHABLE_CODE = YES;
				CLANG_WARN__DUPLICATE_METHOD_MATCH = YES;
				"CODE_SIGN_IDENTITY[sdk=iphoneos*]" = "iPhone Developer";
				COPY_PHASE_STRIP = NO;
				DEBUG_INFORMATION_FORMAT = "dwarf-with-dsym";
				ENABLE_STRICT_OBJC_MSGSEND = YES;
				ENABLE_TESTABILITY = YES;
				GCC_C_LANGUAGE_STANDARD = gnu99;
				GCC_DYNAMIC_NO_PIC = NO;
				GCC_NO_COMMON_BLOCKS = YES;
				GCC_OPTIMIZATION_LEVEL = 0;
				GCC_PREPROCESSOR_DEFINITIONS = (
					"DEBUG=1",
					"$(inherited)",
				);
				GCC_WARN_64_TO_32_BIT_CONVERSION = YES;
				GCC_WARN_ABOUT_RETURN_TYPE = YES_ERROR;
				GCC_WARN_UNDECLARED_SELECTOR = YES;
				GCC_WARN_UNINITIALIZED_AUTOS = YES_AGGRESSIVE;
				GCC_WARN_UNUSED_FUNCTION = YES;
				GCC_WARN_UNUSED_VARIABLE = YES;
				IPHONEOS_DEPLOYMENT_TARGET = 9.0;
				MTL_ENABLE_DEBUG_INFO = YES;
				ONLY_ACTIVE_ARCH = YES;
				SDKROOT = iphoneos;
				SWIFT_OPTIMIZATION_LEVEL = "-Onone";
				TARGETED_DEVICE_FAMILY = "1,2";
			};
			name = Debug;
		};
		1B21EC5D1B8F530D000A0EC2 /* Release */ = {
			isa = XCBuildConfiguration;
			buildSettings = {
				ALWAYS_SEARCH_USER_PATHS = NO;
				CLANG_CXX_LANGUAGE_STANDARD = "gnu++0x";
				CLANG_CXX_LIBRARY = "libc++";
				CLANG_ENABLE_MODULES = YES;
				CLANG_ENABLE_OBJC_ARC = YES;
				CLANG_WARN_BOOL_CONVERSION = YES;
				CLANG_WARN_CONSTANT_CONVERSION = YES;
				CLANG_WARN_DIRECT_OBJC_ISA_USAGE = YES_ERROR;
				CLANG_WARN_EMPTY_BODY = YES;
				CLANG_WARN_ENUM_CONVERSION = YES;
				CLANG_WARN_INT_CONVERSION = YES;
				CLANG_WARN_OBJC_ROOT_CLASS = YES_ERROR;
				CLANG_WARN_UNREACHABLE_CODE = YES;
				CLANG_WARN__DUPLICATE_METHOD_MATCH = YES;
				"CODE_SIGN_IDENTITY[sdk=iphoneos*]" = "iPhone Developer";
				COPY_PHASE_STRIP = NO;
				DEBUG_INFORMATION_FORMAT = "dwarf-with-dsym";
				ENABLE_NS_ASSERTIONS = NO;
				ENABLE_STRICT_OBJC_MSGSEND = YES;
				GCC_C_LANGUAGE_STANDARD = gnu99;
				GCC_NO_COMMON_BLOCKS = YES;
				GCC_WARN_64_TO_32_BIT_CONVERSION = YES;
				GCC_WARN_ABOUT_RETURN_TYPE = YES_ERROR;
				GCC_WARN_UNDECLARED_SELECTOR = YES;
				GCC_WARN_UNINITIALIZED_AUTOS = YES_AGGRESSIVE;
				GCC_WARN_UNUSED_FUNCTION = YES;
				GCC_WARN_UNUSED_VARIABLE = YES;
				IPHONEOS_DEPLOYMENT_TARGET = 9.0;
				MTL_ENABLE_DEBUG_INFO = NO;
				SDKROOT = iphoneos;
				TARGETED_DEVICE_FAMILY = "1,2";
				VALIDATE_PRODUCT = YES;
			};
			name = Release;
		};
		1B21EC5F1B8F530D000A0EC2 /* Debug */ = {
			isa = XCBuildConfiguration;
			buildSettings = {
				ASSETCATALOG_COMPILER_APPICON_NAME = AppIcon;
				CODE_SIGN_IDENTITY = "iPhone Developer";
				INFOPLIST_FILE = KEngine/Info.plist;
				LD_RUNPATH_SEARCH_PATHS = "$(inherited) @executable_path/Frameworks";
				PRODUCT_BUNDLE_IDENTIFIER = kkh.KEngine;
				PRODUCT_NAME = "$(TARGET_NAME)";
			};
			name = Debug;
		};
		1B21EC601B8F530D000A0EC2 /* Release */ = {
			isa = XCBuildConfiguration;
			buildSettings = {
				ASSETCATALOG_COMPILER_APPICON_NAME = AppIcon;
				CODE_SIGN_IDENTITY = "iPhone Developer";
				INFOPLIST_FILE = KEngine/Info.plist;
				LD_RUNPATH_SEARCH_PATHS = "$(inherited) @executable_path/Frameworks";
				PRODUCT_BUNDLE_IDENTIFIER = kkh.KEngine;
				PRODUCT_NAME = "$(TARGET_NAME)";
			};
			name = Release;
		};
		1B21EC621B8F530D000A0EC2 /* Debug */ = {
			isa = XCBuildConfiguration;
			buildSettings = {
				BUNDLE_LOADER = "$(TEST_HOST)";
				DEBUG_INFORMATION_FORMAT = dwarf;
				INFOPLIST_FILE = KEngineTests/Info.plist;
				LD_RUNPATH_SEARCH_PATHS = "$(inherited) @executable_path/Frameworks @loader_path/Frameworks";
				PRODUCT_BUNDLE_IDENTIFIER = kkh.KEngineTests;
				PRODUCT_NAME = "$(TARGET_NAME)";
				TEST_HOST = "$(BUILT_PRODUCTS_DIR)/KEngine.app/KEngine";
			};
			name = Debug;
		};
		1B21EC631B8F530D000A0EC2 /* Release */ = {
			isa = XCBuildConfiguration;
			buildSettings = {
				BUNDLE_LOADER = "$(TEST_HOST)";
				INFOPLIST_FILE = KEngineTests/Info.plist;
				LD_RUNPATH_SEARCH_PATHS = "$(inherited) @executable_path/Frameworks @loader_path/Frameworks";
				PRODUCT_BUNDLE_IDENTIFIER = kkh.KEngineTests;
				PRODUCT_NAME = "$(TARGET_NAME)";
				TEST_HOST = "$(BUILT_PRODUCTS_DIR)/KEngine.app/KEngine";
			};
			name = Release;
		};
		1B21EC651B8F530D000A0EC2 /* Debug */ = {
			isa = XCBuildConfiguration;
			buildSettings = {
				DEBUG_INFORMATION_FORMAT = dwarf;
				INFOPLIST_FILE = KEngineUITests/Info.plist;
				LD_RUNPATH_SEARCH_PATHS = "$(inherited) @executable_path/Frameworks @loader_path/Frameworks";
				PRODUCT_BUNDLE_IDENTIFIER = kkh.KEngineUITests;
				PRODUCT_NAME = "$(TARGET_NAME)";
				TEST_TARGET_NAME = KEngine;
				USES_XCTRUNNER = YES;
			};
			name = Debug;
		};
		1B21EC661B8F530D000A0EC2 /* Release */ = {
			isa = XCBuildConfiguration;
			buildSettings = {
				INFOPLIST_FILE = KEngineUITests/Info.plist;
				LD_RUNPATH_SEARCH_PATHS = "$(inherited) @executable_path/Frameworks @loader_path/Frameworks";
				PRODUCT_BUNDLE_IDENTIFIER = kkh.KEngineUITests;
				PRODUCT_NAME = "$(TARGET_NAME)";
				TEST_TARGET_NAME = KEngine;
				USES_XCTRUNNER = YES;
			};
			name = Release;
		};
/* End XCBuildConfiguration section */

/* Begin XCConfigurationList section */
		1B21EC2F1B8F530D000A0EC2 /* Build configuration list for PBXProject "KEngine" */ = {
			isa = XCConfigurationList;
			buildConfigurations = (
				1B21EC5C1B8F530D000A0EC2 /* Debug */,
				1B21EC5D1B8F530D000A0EC2 /* Release */,
			);
			defaultConfigurationIsVisible = 0;
			defaultConfigurationName = Release;
		};
		1B21EC5E1B8F530D000A0EC2 /* Build configuration list for PBXNativeTarget "KEngine" */ = {
			isa = XCConfigurationList;
			buildConfigurations = (
				1B21EC5F1B8F530D000A0EC2 /* Debug */,
				1B21EC601B8F530D000A0EC2 /* Release */,
			);
			defaultConfigurationIsVisible = 0;
			defaultConfigurationName = Release;
		};
		1B21EC611B8F530D000A0EC2 /* Build configuration list for PBXNativeTarget "KEngineTests" */ = {
			isa = XCConfigurationList;
			buildConfigurations = (
				1B21EC621B8F530D000A0EC2 /* Debug */,
				1B21EC631B8F530D000A0EC2 /* Release */,
			);
			defaultConfigurationIsVisible = 0;
			defaultConfigurationName = Release;
		};
		1B21EC641B8F530D000A0EC2 /* Build configuration list for PBXNativeTarget "KEngineUITests" */ = {
			isa = XCConfigurationList;
			buildConfigurations = (
				1B21EC651B8F530D000A0EC2 /* Debug */,
				1B21EC661B8F530D000A0EC2 /* Release */,
			);
			defaultConfigurationIsVisible = 0;
			defaultConfigurationName = Release;
		};
/* End XCConfigurationList section */
	};
	rootObject = 1B21EC2C1B8F530D000A0EC2 /* Project object */;
}
